# Lock de versões — conjunto exato com que o Frimapper 0.2.0 foi validado
# (smoke 40/40, GUI 16/16, interação QTest 10/10, selftest do bundle OK).
# Instalação reprodutível:  pip install -r requirements.lock
# Runtime
PySide6==6.11.1
shiboken6==6.11.1
SQLAlchemy==2.0.51
typing_extensions==4.16.0
passlib==1.7.4
argon2-cffi==25.1.0
argon2-cffi-bindings==25.1.0
bcrypt==4.0.1
cryptography==41.0.7
cffi==2.0.0
pycparser==3.0
diagrams==0.25.1
graphviz==0.20.3
Jinja2==3.1.6
MarkupSafe==3.0.3
# Build (PyInstaller + geração de ícones)
pyinstaller==6.21.0
pyinstaller-hooks-contrib==2026.6
altgraph==0.17.5
packaging==24.0
pillow==12.3.0
